
Microsoft Visual Studio Solution File, Format Version 12.00
# Visual Studio Version 16
VisualStudioVersion = 16.0.31605.320
MinimumVisualStudioVersion = 10.0.40219.1
Project("{9A19103F-16F7-4668-BE54-9A1E7A4F7556}") = "TasksManagement.Domain", "TasksManagement\TasksManagement.Domain.csproj", "{B778345E-0030-4311-BFF8-44444A5435E6}"
EndProject
Project("{9A19103F-16F7-4668-BE54-9A1E7A4F7556}") = "TasksManagement.DataAccess", "TasksManagement.DataAccess\TasksManagement.DataAccess.csproj", "{9DEC9FF7-D3F8-4D8D-A1A1-0E4A2D528F53}"
EndProject
Project("{9A19103F-16F7-4668-BE54-9A1E7A4F7556}") = "TasksManagement.Application", "TasksManagement.Application\TasksManagement.Application.csproj", "{2E716345-A2F6-47F1-BA9E-ECAD8890ABB5}"
EndProject
Project("{9A19103F-16F7-4668-BE54-9A1E7A4F7556}") = "TasksManagement.Implementation", "TasksManagement.Implementation\TasksManagement.Implementation.csproj", "{36A77E8E-A5B8-4C25-9924-C25BD4E2B32F}"
EndProject
Project("{9A19103F-16F7-4668-BE54-9A1E7A4F7556}") = "TasksManagement.API", "TasksManagement.API\TasksManagement.API.csproj", "{5C09555D-CDC4-46EB-8080-4408559EBE97}"
EndProject
Global
	GlobalSection(SolutionConfigurationPlatforms) = preSolution
		Debug|Any CPU = Debug|Any CPU
		Release|Any CPU = Release|Any CPU
	EndGlobalSection
	GlobalSection(ProjectConfigurationPlatforms) = postSolution
		{B778345E-0030-4311-BFF8-44444A5435E6}.Debug|Any CPU.ActiveCfg = Debug|Any CPU
		{B778345E-0030-4311-BFF8-44444A5435E6}.Debug|Any CPU.Build.0 = Debug|Any CPU
		{B778345E-0030-4311-BFF8-44444A5435E6}.Release|Any CPU.ActiveCfg = Release|Any CPU
		{B778345E-0030-4311-BFF8-44444A5435E6}.Release|Any CPU.Build.0 = Release|Any CPU
		{9DEC9FF7-D3F8-4D8D-A1A1-0E4A2D528F53}.Debug|Any CPU.ActiveCfg = Debug|Any CPU
		{9DEC9FF7-D3F8-4D8D-A1A1-0E4A2D528F53}.Debug|Any CPU.Build.0 = Debug|Any CPU
		{9DEC9FF7-D3F8-4D8D-A1A1-0E4A2D528F53}.Release|Any CPU.ActiveCfg = Release|Any CPU
		{9DEC9FF7-D3F8-4D8D-A1A1-0E4A2D528F53}.Release|Any CPU.Build.0 = Release|Any CPU
		{2E716345-A2F6-47F1-BA9E-ECAD8890ABB5}.Debug|Any CPU.ActiveCfg = Debug|Any CPU
		{2E716345-A2F6-47F1-BA9E-ECAD8890ABB5}.Debug|Any CPU.Build.0 = Debug|Any CPU
		{2E716345-A2F6-47F1-BA9E-ECAD8890ABB5}.Release|Any CPU.ActiveCfg = Release|Any CPU
		{2E716345-A2F6-47F1-BA9E-ECAD8890ABB5}.Release|Any CPU.Build.0 = Release|Any CPU
		{36A77E8E-A5B8-4C25-9924-C25BD4E2B32F}.Debug|Any CPU.ActiveCfg = Debug|Any CPU
		{36A77E8E-A5B8-4C25-9924-C25BD4E2B32F}.Debug|Any CPU.Build.0 = Debug|Any CPU
		{36A77E8E-A5B8-4C25-9924-C25BD4E2B32F}.Release|Any CPU.ActiveCfg = Release|Any CPU
		{36A77E8E-A5B8-4C25-9924-C25BD4E2B32F}.Release|Any CPU.Build.0 = Release|Any CPU
		{5C09555D-CDC4-46EB-8080-4408559EBE97}.Debug|Any CPU.ActiveCfg = Debug|Any CPU
		{5C09555D-CDC4-46EB-8080-4408559EBE97}.Debug|Any CPU.Build.0 = Debug|Any CPU
		{5C09555D-CDC4-46EB-8080-4408559EBE97}.Release|Any CPU.ActiveCfg = Release|Any CPU
		{5C09555D-CDC4-46EB-8080-4408559EBE97}.Release|Any CPU.Build.0 = Release|Any CPU
	EndGlobalSection
	GlobalSection(SolutionProperties) = preSolution
		HideSolutionNode = FALSE
	EndGlobalSection
	GlobalSection(ExtensibilityGlobals) = postSolution
		SolutionGuid = {3A5D9068-B29B-45AD-A0F5-F5EC2D4F8D85}
	EndGlobalSection
EndGlobal
